// !$*UTF8*$!
{
	archiveVersion = 1;
	classes = {
	};
	objectVersion = 46;
	objects = {

/* Begin PBXBuildFile section */
		CC1E5C8A1C853E2500B26CB9 /* AppDelegate.swift in Sources */ = {isa = PBXBuildFile; fileRef = CC1E5C891C853E2500B26CB9 /* AppDelegate.swift */; };
		CC1E5C8C1C853E2500B26CB9 /* ViewController.swift in Sources */ = {isa = PBXBuildFile; fileRef = CC1E5C8B1C853E2500B26CB9 /* ViewController.swift */; };
		CC1E5C8F1C853E2500B26CB9 /* Main.storyboard in Resources */ = {isa = PBXBuildFile; fileRef = CC1E5C8D1C853E2500B26CB9 /* Main.storyboard */; };
		CC1E5C911C853E2500B26CB9 /* Assets.xcassets in Resources */ = {isa = PBXBuildFile; fileRef = CC1E5C901C853E2500B26CB9 /* Assets.xcassets */; };
		CC1E5C941C853E2500B26CB9 /* LaunchScreen.storyboard in Resources */ = {isa = PBXBuildFile; fileRef = CC1E5C921C853E2500B26CB9 /* LaunchScreen.storyboard */; };
		CC1E5C9C1C86BE1C00B26CB9 /* CardsViewController.swift in Sources */ = {isa = PBXBuildFile; fileRef = CC1E5C9B1C86BE1C00B26CB9 /* CardsViewController.swift */; };
		CC1E5C9E1C8750AF00B26CB9 /* Common.swift in Sources */ = {isa = PBXBuildFile; fileRef = CC1E5C9D1C8750AF00B26CB9 /* Common.swift */; };
/* End PBXBuildFile section */

/* Begin PBXFileReference section */
		CC1E5C861C853E2500B26CB9 /* Week 5 Lab - Tinder.app */ = {isa = PBXFileReference; explicitFileType = wrapper.application; includeInIndex = 0; path = "Week 5 Lab - Tinder.app"; sourceTree = BUILT_PRODUCTS_DIR; };
		CC1E5C891C853E2500B26CB9 /* AppDelegate.swift */ = {isa = PBXFileReference; lastKnownFileType = sourcecode.swift; path = AppDelegate.swift; sourceTree = "<group>"; };
		CC1E5C8B1C853E2500B26CB9 /* ViewController.swift */ = {isa = PBXFileReference; lastKnownFileType = sourcecode.swift; path = ViewController.swift; sourceTree = "<group>"; };
		CC1E5C8E1C853E2500B26CB9 /* Base */ = {isa = PBXFileReference; lastKnownFileType = file.storyboard; name = Base; path = Base.lproj/Main.storyboard; sourceTree = "<group>"; };
		CC1E5C901C853E2500B26CB9 /* Assets.xcassets */ = {isa = PBXFileReference; lastKnownFileType = folder.assetcatalog; path = Assets.xcassets; sourceTree = "<group>"; };
		CC1E5C931C853E2500B26CB9 /* Base */ = {isa = PBXFileReference; lastKnownFileType = file.storyboard; name = Base; path = Base.lproj/LaunchScreen.storyboard; sourceTree = "<group>"; };
		CC1E5C951C853E2500B26CB9 /* Info.plist */ = {isa = PBXFileReference; lastKnownFileType = text.plist.xml; path = Info.plist; sourceTree = "<group>"; };
		CC1E5C9B1C86BE1C00B26CB9 /* CardsViewController.swift */ = {isa = PBXFileReference; fileEncoding = 4; lastKnownFileType = sourcecode.swift; path = CardsViewController.swift; sourceTree = "<group>"; };
		CC1E5C9D1C8750AF00B26CB9 /* Common.swift */ = {isa = PBXFileReference; fileEncoding = 4; lastKnownFileType = sourcecode.swift; path = Common.swift; sourceTree = "<group>"; };
/* End PBXFileReference section */

/* Begin PBXFrameworksBuildPhase section */
		CC1E5C831C853E2500B26CB9 /* Frameworks */ = {
			isa = PBXFrameworksBuildPhase;
			buildActionMask = 2147483647;
			files = (
			);
			runOnlyForDeploymentPostprocessing = 0;
		};
/* End PBXFrameworksBuildPhase section */

/* Begin PBXGroup section */
		CC1E5C7D1C853E2500B26CB9 = {
			isa = PBXGroup;
			children = (
				CC1E5C881C853E2500B26CB9 /* Week 5 Lab - Tinder */,
				CC1E5C871C853E2500B26CB9 /* Products */,
			);
			sourceTree = "<group>";
		};
		CC1E5C871C853E2500B26CB9 /* Products */ = {
			isa = PBXGroup;
			children = (
				CC1E5C861C853E2500B26CB9 /* Week 5 Lab - Tinder.app */,
			);
			name = Products;
			sourceTree = "<group>";
		};
		CC1E5C881C853E2500B26CB9 /* Week 5 Lab - Tinder */ = {
			isa = PBXGroup;
			children = (
				CC1E5C891C853E2500B26CB9 /* AppDelegate.swift */,
				CC1E5C8B1C853E2500B26CB9 /* ViewController.swift */,
				CC1E5C8D1C853E2500B26CB9 /* Main.storyboard */,
				CC1E5C9D1C8750AF00B26CB9 /* Common.swift */,
				CC1E5C9B1C86BE1C00B26CB9 /* CardsViewController.swift */,
				CC1E5C901C853E2500B26CB9 /* Assets.xcassets */,
				CC1E5C921C853E2500B26CB9 /* LaunchScreen.storyboard */,
				CC1E5C951C853E2500B26CB9 /* Info.plist */,
			);
			path = "Week 5 Lab - Tinder";
			sourceTree = "<group>";
		};
/* End PBXGroup section */

/* Begin PBXNativeTarget section */
		CC1E5C851C853E2500B26CB9 /* Week 5 Lab - Tinder */ = {
			isa = PBXNativeTarget;
			buildConfigurationList = CC1E5C981C853E2500B26CB9 /* Build configuration list for PBXNativeTarget "Week 5 Lab - Tinder" */;
			buildPhases = (
				CC1E5C821C853E2500B26CB9 /* Sources */,
				CC1E5C831C853E2500B26CB9 /* Frameworks */,
				CC1E5C841C853E2500B26CB9 /* Resources */,
			);
			buildRules = (
			);
			dependencies = (
			);
			name = "Week 5 Lab - Tinder";
			productName = "Week 5 Lab - Tinder";
			productReference = CC1E5C861C853E2500B26CB9 /* Week 5 Lab - Tinder.app */;
			productType = "com.apple.product-type.application";
		};
/* End PBXNativeTarget section */

/* Begin PBXProject section */
		CC1E5C7E1C853E2500B26CB9 /* Project object */ = {
			isa = PBXProject;
			attributes = {
				LastSwiftUpdateCheck = 0720;
				LastUpgradeCheck = 0720;
				ORGANIZATIONNAME = "Blake Hudelson";
				TargetAttributes = {
					CC1E5C851C853E2500B26CB9 = {
						CreatedOnToolsVersion = 7.2.1;
						DevelopmentTeam = AY66978GEJ;
					};
				};
			};
			buildConfigurationList = CC1E5C811C853E2500B26CB9 /* Build configuration list for PBXProject "Week 5 Lab - Tinder" */;
			compatibilityVersion = "Xcode 3.2";
			developmentRegion = English;
			hasScannedForEncodings = 0;
			knownRegions = (
				en,
				Base,
			);
			mainGroup = CC1E5C7D1C853E2500B26CB9;
			productRefGroup = CC1E5C871C853E2500B26CB9 /* Products */;
			projectDirPath = "";
			projectRoot = "";
			targets = (
				CC1E5C851C853E2500B26CB9 /* Week 5 Lab - Tinder */,
			);
		};
/* End PBXProject section */

/* Begin PBXResourcesBuildPhase section */
		CC1E5C841C853E2500B26CB9 /* Resources */ = {
			isa = PBXResourcesBuildPhase;
			buildActionMask = 2147483647;
			files = (
				CC1E5C941C853E2500B26CB9 /* LaunchScreen.storyboard in Resources */,
				CC1E5C911C853E2500B26CB9 /* Assets.xcassets in Resources */,
				CC1E5C8F1C853E2500B26CB9 /* Main.storyboard in Resources */,
			);
			runOnlyForDeploymentPostprocessing = 0;
		};
/* End PBXResourcesBuildPhase section */

/* Begin PBXSourcesBuildPhase section */
		CC1E5C821C853E2500B26CB9 /* Sources */ = {
			isa = PBXSourcesBuildPhase;
			buildActionMask = 2147483647;
			files = (
				CC1E5C9E1C8750AF00B26CB9 /* Common.swift in Sources */,
				CC1E5C8C1C853E2500B26CB9 /* ViewController.swift in Sources */,
				CC1E5C8A1C853E2500B26CB9 /* AppDelegate.swift in Sources */,
				CC1E5C9C1C86BE1C00B26CB9 /* CardsViewController.swift in Sources */,
			);
			runOnlyForDeploymentPostprocessing = 0;
		};
/* End PBXSourcesBuildPhase section */

/* Begin PBXVariantGroup section */
		CC1E5C8D1C853E2500B26CB9 /* Main.storyboard */ = {
			isa = PBXVariantGroup;
			children = (
				CC1E5C8E1C853E2500B26CB9 /* Base */,
			);
			name = Main.storyboard;
			sourceTree = "<group>";
		};
		CC1E5C921C853E2500B26CB9 /* LaunchScreen.storyboard */ = {
			isa = PBXVariantGroup;
			children = (
				CC1E5C931C853E2500B26CB9 /* Base */,
			);
			name = LaunchScreen.storyboard;
			sourceTree = "<group>";
		};
/* End PBXVariantGroup section */

/* Begin XCBuildConfiguration section */
		CC1E5C961C853E2500B26CB9 /* Debug */ = {
			isa = XCBuildConfiguration;
			buildSettings = {
				ALWAYS_SEARCH_USER_PATHS = NO;
				CLANG_CXX_LANGUAGE_STANDARD = "gnu++0x";
				CLANG_CXX_LIBRARY = "libc++";
				CLANG_ENABLE_MODULES = YES;
				CLANG_ENABLE_OBJC_ARC = YES;
				CLANG_WARN_BOOL_CONVERSION = YES;
				CLANG_WARN_CONSTANT_CONVERSION = YES;
				CLANG_WARN_DIRECT_OBJC_ISA_USAGE = YES_ERROR;
				CLANG_WARN_EMPTY_BODY = YES;
				CLANG_WARN_ENUM_CONVERSION = YES;
				CLANG_WARN_INT_CONVERSION = YES;
				CLANG_WARN_OBJC_ROOT_CLASS = YES_ERROR;
				CLANG_WARN_UNREACHABLE_CODE = YES;
				CLANG_WARN__DUPLICATE_METHOD_MATCH = YES;
				"CODE_SIGN_IDENTITY[sdk=iphoneos*]" = "iPhone Developer";
				COPY_PHASE_STRIP = NO;
				DEBUG_INFORMATION_FORMAT = dwarf;
				ENABLE_STRICT_OBJC_MSGSEND = YES;
				ENABLE_TESTABILITY = YES;
				GCC_C_LANGUAGE_STANDARD = gnu99;
				GCC_DYNAMIC_NO_PIC = NO;
				GCC_NO_COMMON_BLOCKS = YES;
				GCC_OPTIMIZATION_LEVEL = 0;
				GCC_PREPROCESSOR_DEFINITIONS = (
					"DEBUG=1",
					"$(inherited)",
				);
				GCC_WARN_64_TO_32_BIT_CONVERSION = YES;
				GCC_WARN_ABOUT_RETURN_TYPE = YES_ERROR;
				GCC_WARN_UNDECLARED_SELECTOR = YES;
				GCC_WARN_UNINITIALIZED_AUTOS = YES_AGGRESSIVE;
				GCC_WARN_UNUSED_FUNCTION = YES;
				GCC_WARN_UNUSED_VARIABLE = YES;
				IPHONEOS_DEPLOYMENT_TARGET = 9.2;
				MTL_ENABLE_DEBUG_INFO = YES;
				ONLY_ACTIVE_ARCH = YES;
				SDKROOT = iphoneos;
				SWIFT_OPTIMIZATION_LEVEL = "-Onone";
			};
			name = Debug;
		};
		CC1E5C971C853E2500B26CB9 /* Release */ = {
			isa = XCBuildConfiguration;
			buildSettings = {
				ALWAYS_SEARCH_USER_PATHS = NO;
				CLANG_CXX_LANGUAGE_STANDARD = "gnu++0x";
				CLANG_CXX_LIBRARY = "libc++";
				CLANG_ENABLE_MODULES = YES;
				CLANG_ENABLE_OBJC_ARC = YES;
				CLANG_WARN_BOOL_CONVERSION = YES;
				CLANG_WARN_CONSTANT_CONVERSION = YES;
				CLANG_WARN_DIRECT_OBJC_ISA_USAGE = YES_ERROR;
				CLANG_WARN_EMPTY_BODY = YES;
				CLANG_WARN_ENUM_CONVERSION = YES;
				CLANG_WARN_INT_CONVERSION = YES;
				CLANG_WARN_OBJC_ROOT_CLASS = YES_ERROR;
				CLANG_WARN_UNREACHABLE_CODE = YES;
				CLANG_WARN__DUPLICATE_METHOD_MATCH = YES;
				"CODE_SIGN_IDENTITY[sdk=iphoneos*]" = "iPhone Developer";
				COPY_PHASE_STRIP = NO;
				DEBUG_INFORMATION_FORMAT = "dwarf-with-dsym";
				ENABLE_NS_ASSERTIONS = NO;
				ENABLE_STRICT_OBJC_MSGSEND = YES;
				GCC_C_LANGUAGE_STANDARD = gnu99;
				GCC_NO_COMMON_BLOCKS = YES;
				GCC_WARN_64_TO_32_BIT_CONVERSION = YES;
				GCC_WARN_ABOUT_RETURN_TYPE = YES_ERROR;
				GCC_WARN_UNDECLARED_SELECTOR = YES;
				GCC_WARN_UNINITIALIZED_AUTOS = YES_AGGRESSIVE;
				GCC_WARN_UNUSED_FUNCTION = YES;
				GCC_WARN_UNUSED_VARIABLE = YES;
				IPHONEOS_DEPLOYMENT_TARGET = 9.2;
				MTL_ENABLE_DEBUG_INFO = NO;
				SDKROOT = iphoneos;
				VALIDATE_PRODUCT = YES;
			};
			name = Release;
		};
		CC1E5C991C853E2500B26CB9 /* Debug */ = {
			isa = XCBuildConfiguration;
			buildSettings = {
				ASSETCATALOG_COMPILER_APPICON_NAME = AppIcon;
				INFOPLIST_FILE = "Week 5 Lab - Tinder/Info.plist";
				LD_RUNPATH_SEARCH_PATHS = "$(inherited) @executable_path/Frameworks";
				PRODUCT_BUNDLE_IDENTIFIER = "com.blakehudelson.Week-5-Lab---Tinder";
				PRODUCT_NAME = "$(TARGET_NAME)";
			};
			name = Debug;
		};
		CC1E5C9A1C853E2500B26CB9 /* Release */ = {
			isa = XCBuildConfiguration;
			buildSettings = {
				ASSETCATALOG_COMPILER_APPICON_NAME = AppIcon;
				INFOPLIST_FILE = "Week 5 Lab - Tinder/Info.plist";
				LD_RUNPATH_SEARCH_PATHS = "$(inherited) @executable_path/Frameworks";
				PRODUCT_BUNDLE_IDENTIFIER = "com.blakehudelson.Week-5-Lab---Tinder";
				PRODUCT_NAME = "$(TARGET_NAME)";
			};
			name = Release;
		};
/* End XCBuildConfiguration section */

/* Begin XCConfigurationList section */
		CC1E5C811C853E2500B26CB9 /* Build configuration list for PBXProject "Week 5 Lab - Tinder" */ = {
			isa = XCConfigurationList;
			buildConfigurations = (
				CC1E5C961C853E2500B26CB9 /* Debug */,
				CC1E5C971C853E2500B26CB9 /* Release */,
			);
			defaultConfigurationIsVisible = 0;
			defaultConfigurationName = Release;
		};
		CC1E5C981C853E2500B26CB9 /* Build configuration list for PBXNativeTarget "Week 5 Lab - Tinder" */ = {
			isa = XCConfigurationList;
			buildConfigurations = (
				CC1E5C991C853E2500B26CB9 /* Debug */,
				CC1E5C9A1C853E2500B26CB9 /* Release */,
			);
			defaultConfigurationIsVisible = 0;
		};
/* End XCConfigurationList section */
	};
	rootObject = CC1E5C7E1C853E2500B26CB9 /* Project object */;
}
